
Microsoft Visual Studio Solution File, Format Version 12.00
# Visual Studio Version 17
VisualStudioVersion = 17.13.35507.96
MinimumVisualStudioVersion = 10.0.40219.1
Project("{FAE04EC0-301F-11D3-BF4B-00C04F79EFBC}") = "宇宙无敌超级神威霸王龙SL的实用API", "宇宙无敌超级神威霸王龙SL的实用API\宇宙无敌超级神威霸王龙SL的实用API.csproj", "{8722C4E4-025D-48FE-9D9B-A3674976D804}"
EndProject
Global
	GlobalSection(SolutionConfigurationPlatforms) = preSolution
		Debug|Any CPU = Debug|Any CPU
		Debug|x64 = Debug|x64
		Release|Any CPU = Release|Any CPU
		Release|x64 = Release|x64
	EndGlobalSection
	GlobalSection(ProjectConfigurationPlatforms) = postSolution
		{8722C4E4-025D-48FE-9D9B-A3674976D804}.Debug|Any CPU.ActiveCfg = Debug|Any CPU
		{8722C4E4-025D-48FE-9D9B-A3674976D804}.Debug|Any CPU.Build.0 = Debug|Any CPU
		{8722C4E4-025D-48FE-9D9B-A3674976D804}.Debug|x64.ActiveCfg = Debug|x64
		{8722C4E4-025D-48FE-9D9B-A3674976D804}.Debug|x64.Build.0 = Debug|x64
		{8722C4E4-025D-48FE-9D9B-A3674976D804}.Release|Any CPU.ActiveCfg = Release|Any CPU
		{8722C4E4-025D-48FE-9D9B-A3674976D804}.Release|Any CPU.Build.0 = Release|Any CPU
		{8722C4E4-025D-48FE-9D9B-A3674976D804}.Release|x64.ActiveCfg = Release|x64
		{8722C4E4-025D-48FE-9D9B-A3674976D804}.Release|x64.Build.0 = Release|x64
	EndGlobalSection
	GlobalSection(SolutionProperties) = preSolution
		HideSolutionNode = FALSE
	EndGlobalSection
	GlobalSection(ExtensibilityGlobals) = postSolution
		SolutionGuid = {E7E16D7A-F264-419F-86C2-EDB22C9729F2}
	EndGlobalSection
EndGlobal
